// !$*UTF8*$!
{
	archiveVersion = 1;
	classes = {
	};
	objectVersion = 46;
	objects = {

/* Begin PBXBuildFile section */
		44D3963D1DD38F4B008D9F27 /* main.m in Sources */ = {isa = PBXBuildFile; fileRef = 44D3963C1DD38F4B008D9F27 /* main.m */; };
		44D396401DD38F4B008D9F27 /* AppDelegate.m in Sources */ = {isa = PBXBuildFile; fileRef = 44D3963F1DD38F4B008D9F27 /* AppDelegate.m */; };
		44D396431DD38F4B008D9F27 /* LGGeneralStatsController.m in Sources */ = {isa = PBXBuildFile; fileRef = 44D396421DD38F4B008D9F27 /* LGGeneralStatsController.m */; };
		44D396461DD38F4B008D9F27 /* LGDailyStatsController.m in Sources */ = {isa = PBXBuildFile; fileRef = 44D396451DD38F4B008D9F27 /* LGDailyStatsController.m */; };
		44D396491DD38F4B008D9F27 /* Main.storyboard in Resources */ = {isa = PBXBuildFile; fileRef = 44D396471DD38F4B008D9F27 /* Main.storyboard */; };
		44D3964B1DD38F4B008D9F27 /* Assets.xcassets in Resources */ = {isa = PBXBuildFile; fileRef = 44D3964A1DD38F4B008D9F27 /* Assets.xcassets */; };
		44D3964E1DD38F4B008D9F27 /* LaunchScreen.storyboard in Resources */ = {isa = PBXBuildFile; fileRef = 44D3964C1DD38F4B008D9F27 /* LaunchScreen.storyboard */; };
		44F0F2AD1DE0B5E800A25E03 /* LGAuthViewController.m in Sources */ = {isa = PBXBuildFile; fileRef = 44F0F2AC1DE0B5E800A25E03 /* LGAuthViewController.m */; };
		44F0F2B11DE0B71E00A25E03 /* bg.png in Resources */ = {isa = PBXBuildFile; fileRef = 44F0F2AF1DE0B71E00A25E03 /* bg.png */; };
		44F0F2B21DE0B71E00A25E03 /* logo.png in Resources */ = {isa = PBXBuildFile; fileRef = 44F0F2B01DE0B71E00A25E03 /* logo.png */; };
		44F0F2B41DE0BD6000A25E03 /* lines.png in Resources */ = {isa = PBXBuildFile; fileRef = 44F0F2B31DE0BD6000A25E03 /* lines.png */; };
		58126AE91DEF25A300D1F895 /* LGForgotPasswordView.m in Sources */ = {isa = PBXBuildFile; fileRef = 58126AE81DEF25A300D1F895 /* LGForgotPasswordView.m */; };
		5849AA9F1DEB17E500B61199 /* LGSettingsTableViewController.m in Sources */ = {isa = PBXBuildFile; fileRef = 5849AA9E1DEB17E500B61199 /* LGSettingsTableViewController.m */; };
		5849AAA21DEB254700B61199 /* LGChangePassViewController.m in Sources */ = {isa = PBXBuildFile; fileRef = 5849AAA11DEB254700B61199 /* LGChangePassViewController.m */; };
		58A149FD1DE26EEB00439EAC /* NSString+Request.m in Sources */ = {isa = PBXBuildFile; fileRef = 58A149FC1DE26EEB00439EAC /* NSString+Request.m */; };
		58A14A011DE350DE00439EAC /* LGSite.m in Sources */ = {isa = PBXBuildFile; fileRef = 58A14A001DE350DE00439EAC /* LGSite.m */; };
		58A14A071DE9B4CF00439EAC /* UIImage+UISegmentIconAndText.m in Sources */ = {isa = PBXBuildFile; fileRef = 58A14A061DE9B4CF00439EAC /* UIImage+UISegmentIconAndText.m */; };
		58F7D89D1DDD382500EA542E /* LGPopoverViewController.m in Sources */ = {isa = PBXBuildFile; fileRef = 58F7D89C1DDD382500EA542E /* LGPopoverViewController.m */; };
		9F5AE4BB1DDE0B3700EAC350 /* LGPersonListSingleton.m in Sources */ = {isa = PBXBuildFile; fileRef = 9F5AE4BA1DDE0B3700EAC350 /* LGPersonListSingleton.m */; };
		9F5AE4BE1DDE0B6300EAC350 /* LGSiteListSingleton.m in Sources */ = {isa = PBXBuildFile; fileRef = 9F5AE4BD1DDE0B6300EAC350 /* LGSiteListSingleton.m */; };
		9F5AE4C11DDE1B2C00EAC350 /* LGPerson.m in Sources */ = {isa = PBXBuildFile; fileRef = 9F5AE4C01DDE1B2C00EAC350 /* LGPerson.m */; };
		9FD179391DE0E10F00AD9809 /* LGTabBarController.m in Sources */ = {isa = PBXBuildFile; fileRef = 9FD179381DE0E10F00AD9809 /* LGTabBarController.m */; };
		EB22D02DFDEABE11EEF2D978 /* libPods-Lemon Stat.a in Frameworks */ = {isa = PBXBuildFile; fileRef = 76746111F38473DB376B8929 /* libPods-Lemon Stat.a */; };
/* End PBXBuildFile section */

/* Begin PBXFileReference section */
		44D396381DD38F4B008D9F27 /* Lemon Stat.app */ = {isa = PBXFileReference; explicitFileType = wrapper.application; includeInIndex = 0; path = "Lemon Stat.app"; sourceTree = BUILT_PRODUCTS_DIR; };
		44D3963C1DD38F4B008D9F27 /* main.m */ = {isa = PBXFileReference; lastKnownFileType = sourcecode.c.objc; path = main.m; sourceTree = "<group>"; };
		44D3963E1DD38F4B008D9F27 /* AppDelegate.h */ = {isa = PBXFileReference; lastKnownFileType = sourcecode.c.h; path = AppDelegate.h; sourceTree = "<group>"; };
		44D3963F1DD38F4B008D9F27 /* AppDelegate.m */ = {isa = PBXFileReference; lastKnownFileType = sourcecode.c.objc; path = AppDelegate.m; sourceTree = "<group>"; };
		44D396411DD38F4B008D9F27 /* LGGeneralStatsController.h */ = {isa = PBXFileReference; lastKnownFileType = sourcecode.c.h; path = LGGeneralStatsController.h; sourceTree = "<group>"; };
		44D396421DD38F4B008D9F27 /* LGGeneralStatsController.m */ = {isa = PBXFileReference; lastKnownFileType = sourcecode.c.objc; path = LGGeneralStatsController.m; sourceTree = "<group>"; };
		44D396441DD38F4B008D9F27 /* LGDailyStatsController.h */ = {isa = PBXFileReference; lastKnownFileType = sourcecode.c.h; path = LGDailyStatsController.h; sourceTree = "<group>"; };
		44D396451DD38F4B008D9F27 /* LGDailyStatsController.m */ = {isa = PBXFileReference; lastKnownFileType = sourcecode.c.objc; path = LGDailyStatsController.m; sourceTree = "<group>"; };
		44D396481DD38F4B008D9F27 /* Base */ = {isa = PBXFileReference; lastKnownFileType = file.storyboard; name = Base; path = Base.lproj/Main.storyboard; sourceTree = "<group>"; };
		44D3964A1DD38F4B008D9F27 /* Assets.xcassets */ = {isa = PBXFileReference; lastKnownFileType = folder.assetcatalog; path = Assets.xcassets; sourceTree = "<group>"; };
		44D3964D1DD38F4B008D9F27 /* Base */ = {isa = PBXFileReference; lastKnownFileType = file.storyboard; name = Base; path = Base.lproj/LaunchScreen.storyboard; sourceTree = "<group>"; };
		44D3964F1DD38F4B008D9F27 /* Info.plist */ = {isa = PBXFileReference; lastKnownFileType = text.plist.xml; path = Info.plist; sourceTree = "<group>"; };
		44F0F2AB1DE0B5E800A25E03 /* LGAuthViewController.h */ = {isa = PBXFileReference; fileEncoding = 4; lastKnownFileType = sourcecode.c.h; path = LGAuthViewController.h; sourceTree = "<group>"; };
		44F0F2AC1DE0B5E800A25E03 /* LGAuthViewController.m */ = {isa = PBXFileReference; fileEncoding = 4; lastKnownFileType = sourcecode.c.objc; path = LGAuthViewController.m; sourceTree = "<group>"; };
		44F0F2AF1DE0B71E00A25E03 /* bg.png */ = {isa = PBXFileReference; lastKnownFileType = image.png; name = bg.png; path = images/bg.png; sourceTree = "<group>"; };
		44F0F2B01DE0B71E00A25E03 /* logo.png */ = {isa = PBXFileReference; lastKnownFileType = image.png; name = logo.png; path = images/logo.png; sourceTree = "<group>"; };
		44F0F2B31DE0BD6000A25E03 /* lines.png */ = {isa = PBXFileReference; lastKnownFileType = image.png; name = lines.png; path = images/lines.png; sourceTree = "<group>"; };
		58126AE71DEF25A300D1F895 /* LGForgotPasswordView.h */ = {isa = PBXFileReference; fileEncoding = 4; lastKnownFileType = sourcecode.c.h; path = LGForgotPasswordView.h; sourceTree = "<group>"; };
		58126AE81DEF25A300D1F895 /* LGForgotPasswordView.m */ = {isa = PBXFileReference; fileEncoding = 4; lastKnownFileType = sourcecode.c.objc; path = LGForgotPasswordView.m; sourceTree = "<group>"; };
		5849AA9D1DEB17E500B61199 /* LGSettingsTableViewController.h */ = {isa = PBXFileReference; fileEncoding = 4; lastKnownFileType = sourcecode.c.h; path = LGSettingsTableViewController.h; sourceTree = "<group>"; };
		5849AA9E1DEB17E500B61199 /* LGSettingsTableViewController.m */ = {isa = PBXFileReference; fileEncoding = 4; lastKnownFileType = sourcecode.c.objc; path = LGSettingsTableViewController.m; sourceTree = "<group>"; };
		5849AAA01DEB254700B61199 /* LGChangePassViewController.h */ = {isa = PBXFileReference; fileEncoding = 4; lastKnownFileType = sourcecode.c.h; path = LGChangePassViewController.h; sourceTree = "<group>"; };
		5849AAA11DEB254700B61199 /* LGChangePassViewController.m */ = {isa = PBXFileReference; fileEncoding = 4; lastKnownFileType = sourcecode.c.objc; path = LGChangePassViewController.m; sourceTree = "<group>"; };
		58A149FB1DE26EEB00439EAC /* NSString+Request.h */ = {isa = PBXFileReference; fileEncoding = 4; lastKnownFileType = sourcecode.c.h; path = "NSString+Request.h"; sourceTree = "<group>"; };
		58A149FC1DE26EEB00439EAC /* NSString+Request.m */ = {isa = PBXFileReference; fileEncoding = 4; lastKnownFileType = sourcecode.c.objc; path = "NSString+Request.m"; sourceTree = "<group>"; };
		58A149FF1DE350DE00439EAC /* LGSite.h */ = {isa = PBXFileReference; fileEncoding = 4; lastKnownFileType = sourcecode.c.h; path = LGSite.h; sourceTree = "<group>"; };
		58A14A001DE350DE00439EAC /* LGSite.m */ = {isa = PBXFileReference; fileEncoding = 4; lastKnownFileType = sourcecode.c.objc; path = LGSite.m; sourceTree = "<group>"; };
		58A14A051DE9B4CF00439EAC /* UIImage+UISegmentIconAndText.h */ = {isa = PBXFileReference; fileEncoding = 4; lastKnownFileType = sourcecode.c.h; path = "UIImage+UISegmentIconAndText.h"; sourceTree = "<group>"; };
		58A14A061DE9B4CF00439EAC /* UIImage+UISegmentIconAndText.m */ = {isa = PBXFileReference; fileEncoding = 4; lastKnownFileType = sourcecode.c.objc; path = "UIImage+UISegmentIconAndText.m"; sourceTree = "<group>"; };
		58F7D89B1DDD382500EA542E /* LGPopoverViewController.h */ = {isa = PBXFileReference; fileEncoding = 4; lastKnownFileType = sourcecode.c.h; path = LGPopoverViewController.h; sourceTree = "<group>"; };
		58F7D89C1DDD382500EA542E /* LGPopoverViewController.m */ = {isa = PBXFileReference; fileEncoding = 4; lastKnownFileType = sourcecode.c.objc; path = LGPopoverViewController.m; sourceTree = "<group>"; };
		75046E052D82B8C004385DA2 /* Pods-Lemon Stat.debug.xcconfig */ = {isa = PBXFileReference; includeInIndex = 1; lastKnownFileType = text.xcconfig; name = "Pods-Lemon Stat.debug.xcconfig"; path = "Pods/Target Support Files/Pods-Lemon Stat/Pods-Lemon Stat.debug.xcconfig"; sourceTree = "<group>"; };
		76746111F38473DB376B8929 /* libPods-Lemon Stat.a */ = {isa = PBXFileReference; explicitFileType = archive.ar; includeInIndex = 0; path = "libPods-Lemon Stat.a"; sourceTree = BUILT_PRODUCTS_DIR; };
		8364878FE0831A8E8CBD2E86 /* Pods-Lemon Stat.release.xcconfig */ = {isa = PBXFileReference; includeInIndex = 1; lastKnownFileType = text.xcconfig; name = "Pods-Lemon Stat.release.xcconfig"; path = "Pods/Target Support Files/Pods-Lemon Stat/Pods-Lemon Stat.release.xcconfig"; sourceTree = "<group>"; };
		9F5AE4B91DDE0B3700EAC350 /* LGPersonListSingleton.h */ = {isa = PBXFileReference; fileEncoding = 4; lastKnownFileType = sourcecode.c.h; name = LGPersonListSingleton.h; path = ../LGPersonListSingleton.h; sourceTree = "<group>"; };
		9F5AE4BA1DDE0B3700EAC350 /* LGPersonListSingleton.m */ = {isa = PBXFileReference; fileEncoding = 4; lastKnownFileType = sourcecode.c.objc; name = LGPersonListSingleton.m; path = ../LGPersonListSingleton.m; sourceTree = "<group>"; };
		9F5AE4BC1DDE0B6300EAC350 /* LGSiteListSingleton.h */ = {isa = PBXFileReference; fileEncoding = 4; lastKnownFileType = sourcecode.c.h; path = LGSiteListSingleton.h; sourceTree = "<group>"; };
		9F5AE4BD1DDE0B6300EAC350 /* LGSiteListSingleton.m */ = {isa = PBXFileReference; fileEncoding = 4; lastKnownFileType = sourcecode.c.objc; path = LGSiteListSingleton.m; sourceTree = "<group>"; };
		9F5AE4BF1DDE1B2C00EAC350 /* LGPerson.h */ = {isa = PBXFileReference; fileEncoding = 4; lastKnownFileType = sourcecode.c.h; path = LGPerson.h; sourceTree = "<group>"; };
		9F5AE4C01DDE1B2C00EAC350 /* LGPerson.m */ = {isa = PBXFileReference; fileEncoding = 4; lastKnownFileType = sourcecode.c.objc; path = LGPerson.m; sourceTree = "<group>"; };
		9FD179371DE0E10F00AD9809 /* LGTabBarController.h */ = {isa = PBXFileReference; fileEncoding = 4; lastKnownFileType = sourcecode.c.h; path = LGTabBarController.h; sourceTree = "<group>"; };
		9FD179381DE0E10F00AD9809 /* LGTabBarController.m */ = {isa = PBXFileReference; fileEncoding = 4; lastKnownFileType = sourcecode.c.objc; path = LGTabBarController.m; sourceTree = "<group>"; };
/* End PBXFileReference section */

/* Begin PBXFrameworksBuildPhase section */
		44D396351DD38F4A008D9F27 /* Frameworks */ = {
			isa = PBXFrameworksBuildPhase;
			buildActionMask = 2147483647;
			files = (
				EB22D02DFDEABE11EEF2D978 /* libPods-Lemon Stat.a in Frameworks */,
			);
			runOnlyForDeploymentPostprocessing = 0;
		};
/* End PBXFrameworksBuildPhase section */

/* Begin PBXGroup section */
		09C38A36BCF301B676DC36D5 /* Pods */ = {
			isa = PBXGroup;
			children = (
				75046E052D82B8C004385DA2 /* Pods-Lemon Stat.debug.xcconfig */,
				8364878FE0831A8E8CBD2E86 /* Pods-Lemon Stat.release.xcconfig */,
			);
			name = Pods;
			sourceTree = "<group>";
		};
		44D3962F1DD38F4A008D9F27 = {
			isa = PBXGroup;
			children = (
				44D3963A1DD38F4B008D9F27 /* Lemon Stat */,
				44D396391DD38F4B008D9F27 /* Products */,
				09C38A36BCF301B676DC36D5 /* Pods */,
				87CA58AA612C5371FF338AC8 /* Frameworks */,
			);
			sourceTree = "<group>";
		};
		44D396391DD38F4B008D9F27 /* Products */ = {
			isa = PBXGroup;
			children = (
				44D396381DD38F4B008D9F27 /* Lemon Stat.app */,
			);
			name = Products;
			sourceTree = "<group>";
		};
		44D3963A1DD38F4B008D9F27 /* Lemon Stat */ = {
			isa = PBXGroup;
			children = (
				44F0F2AE1DE0B70400A25E03 /* images */,
				44D3963E1DD38F4B008D9F27 /* AppDelegate.h */,
				44D3963F1DD38F4B008D9F27 /* AppDelegate.m */,
				58F7D89A1DDD37C600EA542E /* Views */,
				58F7D8991DDD37B600EA542E /* Models */,
				58F7D8981DDD379900EA542E /* Controllers */,
				58A149FE1DE33C2B00439EAC /* Categories */,
				44D396471DD38F4B008D9F27 /* Main.storyboard */,
				44D3964A1DD38F4B008D9F27 /* Assets.xcassets */,
				44D3964C1DD38F4B008D9F27 /* LaunchScreen.storyboard */,
				44D3964F1DD38F4B008D9F27 /* Info.plist */,
				44D3963B1DD38F4B008D9F27 /* Supporting Files */,
			);
			path = "Lemon Stat";
			sourceTree = "<group>";
		};
		44D3963B1DD38F4B008D9F27 /* Supporting Files */ = {
			isa = PBXGroup;
			children = (
				44D3963C1DD38F4B008D9F27 /* main.m */,
			);
			name = "Supporting Files";
			sourceTree = "<group>";
		};
		44F0F2AE1DE0B70400A25E03 /* images */ = {
			isa = PBXGroup;
			children = (
				44F0F2B31DE0BD6000A25E03 /* lines.png */,
				44F0F2AF1DE0B71E00A25E03 /* bg.png */,
				44F0F2B01DE0B71E00A25E03 /* logo.png */,
			);
			name = images;
			sourceTree = "<group>";
		};
		58A149FE1DE33C2B00439EAC /* Categories */ = {
			isa = PBXGroup;
			children = (
				58A149FB1DE26EEB00439EAC /* NSString+Request.h */,
				58A149FC1DE26EEB00439EAC /* NSString+Request.m */,
				58A14A051DE9B4CF00439EAC /* UIImage+UISegmentIconAndText.h */,
				58A14A061DE9B4CF00439EAC /* UIImage+UISegmentIconAndText.m */,
			);
			name = Categories;
			sourceTree = "<group>";
		};
		58F7D8981DDD379900EA542E /* Controllers */ = {
			isa = PBXGroup;
			children = (
				44F0F2AB1DE0B5E800A25E03 /* LGAuthViewController.h */,
				44F0F2AC1DE0B5E800A25E03 /* LGAuthViewController.m */,
				9FD179371DE0E10F00AD9809 /* LGTabBarController.h */,
				9FD179381DE0E10F00AD9809 /* LGTabBarController.m */,
				44D396411DD38F4B008D9F27 /* LGGeneralStatsController.h */,
				44D396421DD38F4B008D9F27 /* LGGeneralStatsController.m */,
				44D396441DD38F4B008D9F27 /* LGDailyStatsController.h */,
				44D396451DD38F4B008D9F27 /* LGDailyStatsController.m */,
				5849AA9D1DEB17E500B61199 /* LGSettingsTableViewController.h */,
				5849AA9E1DEB17E500B61199 /* LGSettingsTableViewController.m */,
				5849AAA01DEB254700B61199 /* LGChangePassViewController.h */,
				5849AAA11DEB254700B61199 /* LGChangePassViewController.m */,
				58F7D89B1DDD382500EA542E /* LGPopoverViewController.h */,
				58F7D89C1DDD382500EA542E /* LGPopoverViewController.m */,
			);
			name = Controllers;
			sourceTree = "<group>";
		};
		58F7D8991DDD37B600EA542E /* Models */ = {
			isa = PBXGroup;
			children = (
				9F5AE4B91DDE0B3700EAC350 /* LGPersonListSingleton.h */,
				9F5AE4BA1DDE0B3700EAC350 /* LGPersonListSingleton.m */,
				9F5AE4BF1DDE1B2C00EAC350 /* LGPerson.h */,
				9F5AE4C01DDE1B2C00EAC350 /* LGPerson.m */,
				9F5AE4BC1DDE0B6300EAC350 /* LGSiteListSingleton.h */,
				9F5AE4BD1DDE0B6300EAC350 /* LGSiteListSingleton.m */,
				58A149FF1DE350DE00439EAC /* LGSite.h */,
				58A14A001DE350DE00439EAC /* LGSite.m */,
			);
			name = Models;
			sourceTree = "<group>";
		};
		58F7D89A1DDD37C600EA542E /* Views */ = {
			isa = PBXGroup;
			children = (
				58126AE71DEF25A300D1F895 /* LGForgotPasswordView.h */,
				58126AE81DEF25A300D1F895 /* LGForgotPasswordView.m */,
			);
			name = Views;
			sourceTree = "<group>";
		};
		87CA58AA612C5371FF338AC8 /* Frameworks */ = {
			isa = PBXGroup;
			children = (
				76746111F38473DB376B8929 /* libPods-Lemon Stat.a */,
			);
			name = Frameworks;
			sourceTree = "<group>";
		};
/* End PBXGroup section */

/* Begin PBXNativeTarget section */
		44D396371DD38F4A008D9F27 /* Lemon Stat */ = {
			isa = PBXNativeTarget;
			buildConfigurationList = 44D396521DD38F4B008D9F27 /* Build configuration list for PBXNativeTarget "Lemon Stat" */;
			buildPhases = (
				DBEF4224CE3EB011EA38C4D6 /* 📦 Check Pods Manifest.lock */,
				866AEF2800FECE4E85441E01 /* [CP] Check Pods Manifest.lock */,
				44D396341DD38F4A008D9F27 /* Sources */,
				44D396351DD38F4A008D9F27 /* Frameworks */,
				44D396361DD38F4A008D9F27 /* Resources */,
				0409FCD37BFC82F044165779 /* [CP] Embed Pods Frameworks */,
				2A981398C64B1573241288A2 /* [CP] Copy Pods Resources */,
				FDFE4DC9B3FB28676C431C0F /* 📦 Embed Pods Frameworks */,
				F411A62465A14AD94FE71511 /* 📦 Copy Pods Resources */,
			);
			buildRules = (
			);
			dependencies = (
			);
			name = "Lemon Stat";
			productName = "Lemon Stat";
			productReference = 44D396381DD38F4B008D9F27 /* Lemon Stat.app */;
			productType = "com.apple.product-type.application";
		};
/* End PBXNativeTarget section */

/* Begin PBXProject section */
		44D396301DD38F4A008D9F27 /* Project object */ = {
			isa = PBXProject;
			attributes = {
				LastUpgradeCheck = 0810;
				ORGANIZATIONNAME = Decidion;
				TargetAttributes = {
					44D396371DD38F4A008D9F27 = {
						CreatedOnToolsVersion = 8.1;
						DevelopmentTeam = CAV9SBW57D;
						ProvisioningStyle = Automatic;
					};
				};
			};
			buildConfigurationList = 44D396331DD38F4A008D9F27 /* Build configuration list for PBXProject "Lemon Stat" */;
			compatibilityVersion = "Xcode 3.2";
			developmentRegion = English;
			hasScannedForEncodings = 0;
			knownRegions = (
				en,
				Base,
			);
			mainGroup = 44D3962F1DD38F4A008D9F27;
			productRefGroup = 44D396391DD38F4B008D9F27 /* Products */;
			projectDirPath = "";
			projectRoot = "";
			targets = (
				44D396371DD38F4A008D9F27 /* Lemon Stat */,
			);
		};
/* End PBXProject section */

/* Begin PBXResourcesBuildPhase section */
		44D396361DD38F4A008D9F27 /* Resources */ = {
			isa = PBXResourcesBuildPhase;
			buildActionMask = 2147483647;
			files = (
				44D3964E1DD38F4B008D9F27 /* LaunchScreen.storyboard in Resources */,
				44F0F2B21DE0B71E00A25E03 /* logo.png in Resources */,
				44D3964B1DD38F4B008D9F27 /* Assets.xcassets in Resources */,
				44F0F2B11DE0B71E00A25E03 /* bg.png in Resources */,
				44D396491DD38F4B008D9F27 /* Main.storyboard in Resources */,
				44F0F2B41DE0BD6000A25E03 /* lines.png in Resources */,
			);
			runOnlyForDeploymentPostprocessing = 0;
		};
/* End PBXResourcesBuildPhase section */

/* Begin PBXShellScriptBuildPhase section */
		0409FCD37BFC82F044165779 /* [CP] Embed Pods Frameworks */ = {
			isa = PBXShellScriptBuildPhase;
			buildActionMask = 2147483647;
			files = (
			);
			inputPaths = (
			);
			name = "[CP] Embed Pods Frameworks";
			outputPaths = (
			);
			runOnlyForDeploymentPostprocessing = 0;
			shellPath = /bin/sh;
			shellScript = "\"${SRCROOT}/Pods/Target Support Files/Pods-Lemon Stat/Pods-Lemon Stat-frameworks.sh\"\n";
			showEnvVarsInLog = 0;
		};
		2A981398C64B1573241288A2 /* [CP] Copy Pods Resources */ = {
			isa = PBXShellScriptBuildPhase;
			buildActionMask = 2147483647;
			files = (
			);
			inputPaths = (
			);
			name = "[CP] Copy Pods Resources";
			outputPaths = (
			);
			runOnlyForDeploymentPostprocessing = 0;
			shellPath = /bin/sh;
			shellScript = "\"${SRCROOT}/Pods/Target Support Files/Pods-Lemon Stat/Pods-Lemon Stat-resources.sh\"\n";
			showEnvVarsInLog = 0;
		};
		866AEF2800FECE4E85441E01 /* [CP] Check Pods Manifest.lock */ = {
			isa = PBXShellScriptBuildPhase;
			buildActionMask = 2147483647;
			files = (
			);
			inputPaths = (
			);
			name = "[CP] Check Pods Manifest.lock";
			outputPaths = (
			);
			runOnlyForDeploymentPostprocessing = 0;
			shellPath = /bin/sh;
			shellScript = "diff \"${PODS_ROOT}/../Podfile.lock\" \"${PODS_ROOT}/Manifest.lock\" > /dev/null\nif [[ $? != 0 ]] ; then\n    cat << EOM\nerror: The sandbox is not in sync with the Podfile.lock. Run 'pod install' or update your CocoaPods installation.\nEOM\n    exit 1\nfi\n";
			showEnvVarsInLog = 0;
		};
		DBEF4224CE3EB011EA38C4D6 /* 📦 Check Pods Manifest.lock */ = {
			isa = PBXShellScriptBuildPhase;
			buildActionMask = 2147483647;
			files = (
			);
			inputPaths = (
			);
			name = "📦 Check Pods Manifest.lock";
			outputPaths = (
			);
			runOnlyForDeploymentPostprocessing = 0;
			shellPath = /bin/sh;
			shellScript = "diff \"${PODS_ROOT}/../Podfile.lock\" \"${PODS_ROOT}/Manifest.lock\" > /dev/null\nif [[ $? != 0 ]] ; then\n    cat << EOM\nerror: The sandbox is not in sync with the Podfile.lock. Run 'pod install' or update your CocoaPods installation.\nEOM\n    exit 1\nfi\n";
			showEnvVarsInLog = 0;
		};
		F411A62465A14AD94FE71511 /* 📦 Copy Pods Resources */ = {
			isa = PBXShellScriptBuildPhase;
			buildActionMask = 2147483647;
			files = (
			);
			inputPaths = (
			);
			name = "📦 Copy Pods Resources";
			outputPaths = (
			);
			runOnlyForDeploymentPostprocessing = 0;
			shellPath = /bin/sh;
			shellScript = "\"${SRCROOT}/Pods/Target Support Files/Pods-Lemon Stat/Pods-Lemon Stat-resources.sh\"\n";
			showEnvVarsInLog = 0;
		};
		FDFE4DC9B3FB28676C431C0F /* 📦 Embed Pods Frameworks */ = {
			isa = PBXShellScriptBuildPhase;
			buildActionMask = 2147483647;
			files = (
			);
			inputPaths = (
			);
			name = "📦 Embed Pods Frameworks";
			outputPaths = (
			);
			runOnlyForDeploymentPostprocessing = 0;
			shellPath = /bin/sh;
			shellScript = "\"${SRCROOT}/Pods/Target Support Files/Pods-Lemon Stat/Pods-Lemon Stat-frameworks.sh\"\n";
			showEnvVarsInLog = 0;
		};
/* End PBXShellScriptBuildPhase section */

/* Begin PBXSourcesBuildPhase section */
		44D396341DD38F4A008D9F27 /* Sources */ = {
			isa = PBXSourcesBuildPhase;
			buildActionMask = 2147483647;
			files = (
				9FD179391DE0E10F00AD9809 /* LGTabBarController.m in Sources */,
				44D396461DD38F4B008D9F27 /* LGDailyStatsController.m in Sources */,
				9F5AE4BE1DDE0B6300EAC350 /* LGSiteListSingleton.m in Sources */,
				58126AE91DEF25A300D1F895 /* LGForgotPasswordView.m in Sources */,
				58A14A071DE9B4CF00439EAC /* UIImage+UISegmentIconAndText.m in Sources */,
				5849AAA21DEB254700B61199 /* LGChangePassViewController.m in Sources */,
				9F5AE4BB1DDE0B3700EAC350 /* LGPersonListSingleton.m in Sources */,
				44D396401DD38F4B008D9F27 /* AppDelegate.m in Sources */,
				44F0F2AD1DE0B5E800A25E03 /* LGAuthViewController.m in Sources */,
				44D396431DD38F4B008D9F27 /* LGGeneralStatsController.m in Sources */,
				58F7D89D1DDD382500EA542E /* LGPopoverViewController.m in Sources */,
				5849AA9F1DEB17E500B61199 /* LGSettingsTableViewController.m in Sources */,
				44D3963D1DD38F4B008D9F27 /* main.m in Sources */,
				9F5AE4C11DDE1B2C00EAC350 /* LGPerson.m in Sources */,
				58A149FD1DE26EEB00439EAC /* NSString+Request.m in Sources */,
				58A14A011DE350DE00439EAC /* LGSite.m in Sources */,
			);
			runOnlyForDeploymentPostprocessing = 0;
		};
/* End PBXSourcesBuildPhase section */

/* Begin PBXVariantGroup section */
		44D396471DD38F4B008D9F27 /* Main.storyboard */ = {
			isa = PBXVariantGroup;
			children = (
				44D396481DD38F4B008D9F27 /* Base */,
			);
			name = Main.storyboard;
			sourceTree = "<group>";
		};
		44D3964C1DD38F4B008D9F27 /* LaunchScreen.storyboard */ = {
			isa = PBXVariantGroup;
			children = (
				44D3964D1DD38F4B008D9F27 /* Base */,
			);
			name = LaunchScreen.storyboard;
			sourceTree = "<group>";
		};
/* End PBXVariantGroup section */

/* Begin XCBuildConfiguration section */
		44D396501DD38F4B008D9F27 /* Debug */ = {
			isa = XCBuildConfiguration;
			buildSettings = {
				ALWAYS_SEARCH_USER_PATHS = NO;
				CLANG_ANALYZER_NONNULL = YES;
				CLANG_CXX_LANGUAGE_STANDARD = "gnu++0x";
				CLANG_CXX_LIBRARY = "libc++";
				CLANG_ENABLE_MODULES = YES;
				CLANG_ENABLE_OBJC_ARC = YES;
				CLANG_WARN_BOOL_CONVERSION = YES;
				CLANG_WARN_CONSTANT_CONVERSION = YES;
				CLANG_WARN_DIRECT_OBJC_ISA_USAGE = YES_ERROR;
				CLANG_WARN_DOCUMENTATION_COMMENTS = YES;
				CLANG_WARN_EMPTY_BODY = YES;
				CLANG_WARN_ENUM_CONVERSION = YES;
				CLANG_WARN_INFINITE_RECURSION = YES;
				CLANG_WARN_INT_CONVERSION = YES;
				CLANG_WARN_OBJC_ROOT_CLASS = YES_ERROR;
				CLANG_WARN_SUSPICIOUS_MOVE = YES;
				CLANG_WARN_SUSPICIOUS_MOVES = YES;
				CLANG_WARN_UNREACHABLE_CODE = YES;
				CLANG_WARN__DUPLICATE_METHOD_MATCH = YES;
				"CODE_SIGN_IDENTITY[sdk=iphoneos*]" = "iPhone Developer";
				COPY_PHASE_STRIP = NO;
				DEBUG_INFORMATION_FORMAT = dwarf;
				ENABLE_STRICT_OBJC_MSGSEND = YES;
				ENABLE_TESTABILITY = YES;
				GCC_C_LANGUAGE_STANDARD = gnu99;
				GCC_DYNAMIC_NO_PIC = NO;
				GCC_NO_COMMON_BLOCKS = YES;
				GCC_OPTIMIZATION_LEVEL = 0;
				GCC_PREPROCESSOR_DEFINITIONS = (
					"DEBUG=1",
					"$(inherited)",
				);
				GCC_WARN_64_TO_32_BIT_CONVERSION = YES;
				GCC_WARN_ABOUT_RETURN_TYPE = YES_ERROR;
				GCC_WARN_UNDECLARED_SELECTOR = YES;
				GCC_WARN_UNINITIALIZED_AUTOS = YES_AGGRESSIVE;
				GCC_WARN_UNUSED_FUNCTION = YES;
				GCC_WARN_UNUSED_VARIABLE = YES;
				IPHONEOS_DEPLOYMENT_TARGET = 10.1;
				MTL_ENABLE_DEBUG_INFO = YES;
				ONLY_ACTIVE_ARCH = YES;
				SDKROOT = iphoneos;
				TARGETED_DEVICE_FAMILY = "1,2";
			};
			name = Debug;
		};
		44D396511DD38F4B008D9F27 /* Release */ = {
			isa = XCBuildConfiguration;
			buildSettings = {
				ALWAYS_SEARCH_USER_PATHS = NO;
				CLANG_ANALYZER_NONNULL = YES;
				CLANG_CXX_LANGUAGE_STANDARD = "gnu++0x";
				CLANG_CXX_LIBRARY = "libc++";
				CLANG_ENABLE_MODULES = YES;
				CLANG_ENABLE_OBJC_ARC = YES;
				CLANG_WARN_BOOL_CONVERSION = YES;
				CLANG_WARN_CONSTANT_CONVERSION = YES;
				CLANG_WARN_DIRECT_OBJC_ISA_USAGE = YES_ERROR;
				CLANG_WARN_DOCUMENTATION_COMMENTS = YES;
				CLANG_WARN_EMPTY_BODY = YES;
				CLANG_WARN_ENUM_CONVERSION = YES;
				CLANG_WARN_INFINITE_RECURSION = YES;
				CLANG_WARN_INT_CONVERSION = YES;
				CLANG_WARN_OBJC_ROOT_CLASS = YES_ERROR;
				CLANG_WARN_SUSPICIOUS_MOVE = YES;
				CLANG_WARN_SUSPICIOUS_MOVES = YES;
				CLANG_WARN_UNREACHABLE_CODE = YES;
				CLANG_WARN__DUPLICATE_METHOD_MATCH = YES;
				"CODE_SIGN_IDENTITY[sdk=iphoneos*]" = "iPhone Developer";
				COPY_PHASE_STRIP = NO;
				DEBUG_INFORMATION_FORMAT = "dwarf-with-dsym";
				ENABLE_NS_ASSERTIONS = NO;
				ENABLE_STRICT_OBJC_MSGSEND = YES;
				GCC_C_LANGUAGE_STANDARD = gnu99;
				GCC_NO_COMMON_BLOCKS = YES;
				GCC_WARN_64_TO_32_BIT_CONVERSION = YES;
				GCC_WARN_ABOUT_RETURN_TYPE = YES_ERROR;
				GCC_WARN_UNDECLARED_SELECTOR = YES;
				GCC_WARN_UNINITIALIZED_AUTOS = YES_AGGRESSIVE;
				GCC_WARN_UNUSED_FUNCTION = YES;
				GCC_WARN_UNUSED_VARIABLE = YES;
				IPHONEOS_DEPLOYMENT_TARGET = 10.1;
				MTL_ENABLE_DEBUG_INFO = NO;
				SDKROOT = iphoneos;
				TARGETED_DEVICE_FAMILY = "1,2";
				VALIDATE_PRODUCT = YES;
			};
			name = Release;
		};
		44D396531DD38F4B008D9F27 /* Debug */ = {
			isa = XCBuildConfiguration;
			baseConfigurationReference = 75046E052D82B8C004385DA2 /* Pods-Lemon Stat.debug.xcconfig */;
			buildSettings = {
				ASSETCATALOG_COMPILER_APPICON_NAME = AppIcon;
				DEVELOPMENT_TEAM = CAV9SBW57D;
				INFOPLIST_FILE = "Lemon Stat/Info.plist";
				LD_RUNPATH_SEARCH_PATHS = "$(inherited) @executable_path/Frameworks";
				PRODUCT_BUNDLE_IDENTIFIER = "com.decidion.Lemon-Stat";
				PRODUCT_NAME = "$(TARGET_NAME)";
				TARGETED_DEVICE_FAMILY = "1,2";
			};
			name = Debug;
		};
		44D396541DD38F4B008D9F27 /* Release */ = {
			isa = XCBuildConfiguration;
			baseConfigurationReference = 8364878FE0831A8E8CBD2E86 /* Pods-Lemon Stat.release.xcconfig */;
			buildSettings = {
				ASSETCATALOG_COMPILER_APPICON_NAME = AppIcon;
				DEVELOPMENT_TEAM = CAV9SBW57D;
				INFOPLIST_FILE = "Lemon Stat/Info.plist";
				LD_RUNPATH_SEARCH_PATHS = "$(inherited) @executable_path/Frameworks";
				PRODUCT_BUNDLE_IDENTIFIER = "com.decidion.Lemon-Stat";
				PRODUCT_NAME = "$(TARGET_NAME)";
				TARGETED_DEVICE_FAMILY = "1,2";
			};
			name = Release;
		};
/* End XCBuildConfiguration section */

/* Begin XCConfigurationList section */
		44D396331DD38F4A008D9F27 /* Build configuration list for PBXProject "Lemon Stat" */ = {
			isa = XCConfigurationList;
			buildConfigurations = (
				44D396501DD38F4B008D9F27 /* Debug */,
				44D396511DD38F4B008D9F27 /* Release */,
			);
			defaultConfigurationIsVisible = 0;
			defaultConfigurationName = Release;
		};
		44D396521DD38F4B008D9F27 /* Build configuration list for PBXNativeTarget "Lemon Stat" */ = {
			isa = XCConfigurationList;
			buildConfigurations = (
				44D396531DD38F4B008D9F27 /* Debug */,
				44D396541DD38F4B008D9F27 /* Release */,
			);
			defaultConfigurationIsVisible = 0;
			defaultConfigurationName = Release;
		};
/* End XCConfigurationList section */
	};
	rootObject = 44D396301DD38F4A008D9F27 /* Project object */;
}
